
Microsoft Visual Studio Solution File, Format Version 12.00
# Visual Studio Version 17
VisualStudioVersion = 17.12.35707.178 d17.12
MinimumVisualStudioVersion = 10.0.40219.1
Project("{FAE04EC0-301F-11D3-BF4B-00C04F79EFBC}") = "LAB19", "LAB19.csproj", "{B5611E4F-4F43-4C8F-9C25-EB0C292FBE5D}"
EndProject
Global
	GlobalSection(SolutionConfigurationPlatforms) = preSolution
		Debug|Any CPU = Debug|Any CPU
		Release|Any CPU = Release|Any CPU
	EndGlobalSection
	GlobalSection(ProjectConfigurationPlatforms) = postSolution
		{B5611E4F-4F43-4C8F-9C25-EB0C292FBE5D}.Debug|Any CPU.ActiveCfg = Debug|Any CPU
		{B5611E4F-4F43-4C8F-9C25-EB0C292FBE5D}.Debug|Any CPU.Build.0 = Debug|Any CPU
		{B5611E4F-4F43-4C8F-9C25-EB0C292FBE5D}.Release|Any CPU.ActiveCfg = Release|Any CPU
		{B5611E4F-4F43-4C8F-9C25-EB0C292FBE5D}.Release|Any CPU.Build.0 = Release|Any CPU
	EndGlobalSection
	GlobalSection(SolutionProperties) = preSolution
		HideSolutionNode = FALSE
	EndGlobalSection
EndGlobal
